# THIS IS AN AUTOGENERATED FILE. DO NOT EDIT THIS FILE DIRECTLY.
# yarn lockfile v1


"@aws-cdk/asset-awscli-v1@^2.2.30":
  version "2.2.49"
  resolved "https://registry.yarnpkg.com/@aws-cdk/asset-awscli-v1/-/asset-awscli-v1-2.2.49.tgz#af7618a3a39bf103f82d7aa396efa50e6ae79092"
  integrity sha512-Qd5bdLlC/sphWQQPNn7etKXWCh+fij7DWxtkIwvhhZ+LM6UEApGLS8sBLBQcRO2ZQdEuNb+zeClUy+3DNojfeg==

"@aws-cdk/asset-kubectl-v20@^2.1.1":
  version "2.1.1"
  resolved "https://registry.yarnpkg.com/@aws-cdk/asset-kubectl-v20/-/asset-kubectl-v20-2.1.1.tgz#d01c1efb867fb7f2cfd8c8b230b8eae16447e156"
  integrity sha512-U1ntiX8XiMRRRH5J1IdC+1t5CE89015cwyt5U63Cpk0GnMlN5+h9WsWMlKlPXZR4rdq/m806JRlBMRpBUB2Dhw==

"@aws-cdk/asset-node-proxy-agent-v5@^2.0.38":
  version "2.0.38"
  resolved "https://registry.yarnpkg.com/@aws-cdk/asset-node-proxy-agent-v5/-/asset-node-proxy-agent-v5-2.0.38.tgz#6765bef55f95220c52decb4adba8f75c1817b0f7"
  integrity sha512-BBwAjORhuUkTGO3CxGS5Evcp5n20h9v06Sftn2R1DuSm8zIoUlPsNlI1HUk8XqYuoEI4aD7IKRQBLglv09ciJQ==

"@balena/dockerignore@^1.0.2":
  version "1.0.2"
  resolved "https://registry.yarnpkg.com/@balena/dockerignore/-/dockerignore-1.0.2.tgz#9ffe4726915251e8eb69f44ef3547e0da2c03e0d"
  integrity sha512-wMue2Sy4GAVTk6Ic4tJVcnfdau+gx2EnG7S+uAEe+TWJFqE4YoWN4/H8MSLj4eYJKxGg26lZwboEniNiNwZQ6Q==

at-least-node@^1.0.0:
  version "1.0.0"
  resolved "https://registry.yarnpkg.com/at-least-node/-/at-least-node-1.0.0.tgz#602cd4b46e844ad4effc92a8011a3c46e0238dc2"
  integrity sha512-+q/t7Ekv1EDY2l6Gda6LLiX14rU9TV20Wa3ofeQmwPFZbOMo9DXrLbOjFaaclkXKWidIaopwAObQDqwWtGUjqg==

aws-cdk-lib@^2.59.0:
  version "2.59.0"
  resolved "https://registry.yarnpkg.com/aws-cdk-lib/-/aws-cdk-lib-2.59.0.tgz#488967569bfe937dd64102a4131831f1b24e34df"
  integrity sha512-FT6QRsou8TibQcz/TqI3rEkB9EBVF5Om5lv9MXz/5qiKehWRbKZVX0I0l/SSAvGSmdTU5Pfr+WRBTk51oNMAdw==
  dependencies:
    "@aws-cdk/asset-awscli-v1" "^2.2.30"
    "@aws-cdk/asset-kubectl-v20" "^2.1.1"
    "@aws-cdk/asset-node-proxy-agent-v5" "^2.0.38"
    "@balena/dockerignore" "^1.0.2"
    case "1.6.3"
    fs-extra "^9.1.0"
    ignore "^5.2.1"
    jsonschema "^1.4.1"
    minimatch "^3.1.2"
    punycode "^2.1.1"
    semver "^7.3.8"
    yaml "1.10.2"

aws-cdk@^2.59.0:
  version "2.59.0"
  resolved "https://registry.yarnpkg.com/aws-cdk/-/aws-cdk-2.59.0.tgz#3e1daa9d78df07780ead10c73bc87b478fb7a263"
  integrity sha512-5xKh+nC6wLsjYGwA+YYbX9ZonJLYmthxSZy8pK/Bm9rL2mFpnMKvQZJz67L6ghOt1XumoB1vZbIhptln68jTuw==
  optionalDependencies:
    fsevents "2.3.2"

balanced-match@^1.0.0:
  version "1.0.2"
  resolved "https://registry.yarnpkg.com/balanced-match/-/balanced-match-1.0.2.tgz#e83e3a7e3f300b34cb9d87f615fa0cbf357690ee"
  integrity sha512-3oSeUO0TMV67hN1AmbXsK4yaqU7tjiHlbxRDZOpH0KW9+CeX4bRAaX0Anxt0tx2MrpRpWwQaPwIlISEJhYU5Pw==

brace-expansion@^1.1.7:
  version "1.1.11"
  resolved "https://registry.yarnpkg.com/brace-expansion/-/brace-expansion-1.1.11.tgz#3c7fcbf529d87226f3d2f52b966ff5271eb441dd"
  integrity sha512-iCuPHDFgrHX7H2vEI/5xpz07zSHB00TpugqhmYtVmMO6518mCuRMoOYFldEBl0g187ufozdaHgWKcYFb61qGiA==
  dependencies:
    balanced-match "^1.0.0"
    concat-map "0.0.1"

case@1.6.3:
  version "1.6.3"
  resolved "https://registry.yarnpkg.com/case/-/case-1.6.3.tgz#0a4386e3e9825351ca2e6216c60467ff5f1ea1c9"
  integrity sha512-mzDSXIPaFwVDvZAHqZ9VlbyF4yyXRuX6IvB06WvPYkqJVO24kX1PPhv9bfpKNFZyxYFmmgo03HUiD8iklmJYRQ==

concat-map@0.0.1:
  version "0.0.1"
  resolved "https://registry.yarnpkg.com/concat-map/-/concat-map-0.0.1.tgz#d8a96bd77fd68df7793a73036a3ba0d5405d477b"
  integrity sha512-/Srv4dswyQNBfohGpz9o6Yb3Gz3SrUDqBH5rTuhGR7ahtlbYKnVxw2bCFMRljaA7EXHaXZ8wsHdodFvbkhKmqg==

constructs@^10.1.209:
  version "10.1.209"
  resolved "https://registry.yarnpkg.com/constructs/-/constructs-10.1.209.tgz#0e2a525fdc8471f8553d20e2182c0ee7dc0ed25f"
  integrity sha512-BLvvM9bsKg4AGgeHWzT2elFh4UCFgmF4JyRjFcUMmHPJzgmErSwzUen/jVP4kI28nahakJXouiff6KZt0ey+3Q==

fs-extra@^9.1.0:
  version "9.1.0"
  resolved "https://registry.yarnpkg.com/fs-extra/-/fs-extra-9.1.0.tgz#5954460c764a8da2094ba3554bf839e6b9a7c86d"
  integrity sha512-hcg3ZmepS30/7BSFqRvoo3DOMQu7IjqxO5nCDt+zM9XWjb33Wg7ziNT+Qvqbuc3+gWpzO02JubVyk2G4Zvo1OQ==
  dependencies:
    at-least-node "^1.0.0"
    graceful-fs "^4.2.0"
    jsonfile "^6.0.1"
    universalify "^2.0.0"

fsevents@2.3.2:
  version "2.3.2"
  resolved "https://registry.yarnpkg.com/fsevents/-/fsevents-2.3.2.tgz#8a526f78b8fdf4623b709e0b975c52c24c02fd1a"
  integrity sha512-xiqMQR4xAeHTuB9uWm+fFRcIOgKBMiOBP+eXiyT7jsgVCq1bkVygt00oASowB7EdtpOHaaPgKt812P9ab+DDKA==

graceful-fs@^4.1.6, graceful-fs@^4.2.0:
  version "4.2.10"
  resolved "https://registry.yarnpkg.com/graceful-fs/-/graceful-fs-4.2.10.tgz#147d3a006da4ca3ce14728c7aefc287c367d7a6c"
  integrity sha512-9ByhssR2fPVsNZj478qUUbKfmL0+t5BDVyjShtyZZLiK7ZDAArFFfopyOTj0M05wE2tJPisA4iTnnXl2YoPvOA==

ignore@^5.2.1:
  version "5.2.4"
  resolved "https://registry.yarnpkg.com/ignore/-/ignore-5.2.4.tgz#a291c0c6178ff1b960befe47fcdec301674a6324"
  integrity sha512-MAb38BcSbH0eHNBxn7ql2NH/kX33OkB3lZ1BNdh7ENeRChHTYsTvWrMubiIAMNS2llXEEgZ1MUOBtXChP3kaFQ==

jsonfile@^6.0.1:
  version "6.1.0"
  resolved "https://registry.yarnpkg.com/jsonfile/-/jsonfile-6.1.0.tgz#bc55b2634793c679ec6403094eb13698a6ec0aae"
  integrity sha512-5dgndWOriYSm5cnYaJNhalLNDKOqFwyDB/rr1E9ZsGciGvKPs8R2xYGCacuf3z6K1YKDz182fd+fY3cn3pMqXQ==
  dependencies:
    universalify "^2.0.0"
  optionalDependencies:
    graceful-fs "^4.1.6"

jsonschema@^1.4.1:
  version "1.4.1"
  resolved "https://registry.yarnpkg.com/jsonschema/-/jsonschema-1.4.1.tgz#cc4c3f0077fb4542982973d8a083b6b34f482dab"
  integrity sha512-S6cATIPVv1z0IlxdN+zUk5EPjkGCdnhN4wVSBlvoUO1tOLJootbo9CquNJmbIh4yikWHiUedhRYrNPn1arpEmQ==

lru-cache@^6.0.0:
  version "6.0.0"
  resolved "https://registry.yarnpkg.com/lru-cache/-/lru-cache-6.0.0.tgz#6d6fe6570ebd96aaf90fcad1dafa3b2566db3a94"
  integrity sha512-Jo6dJ04CmSjuznwJSS3pUeWmd/H0ffTlkXXgwZi+eq1UCmqQwCh+eLsYOYCwY991i2Fah4h1BEMCx4qThGbsiA==
  dependencies:
    yallist "^4.0.0"

minimatch@^3.1.2:
  version "3.1.2"
  resolved "https://registry.yarnpkg.com/minimatch/-/minimatch-3.1.2.tgz#19cd194bfd3e428f049a70817c038d89ab4be35b"
  integrity sha512-J7p63hRiAjw1NDEww1W7i37+ByIrOWO5XQQAzZ3VOcL0PNybwpfmV/N05zFAzwQ9USyEcX6t3UO+K5aqBQOIHw==
  dependencies:
    brace-expansion "^1.1.7"

prettier@^2.8.1:
  version "2.8.1"
  resolved "https://registry.yarnpkg.com/prettier/-/prettier-2.8.1.tgz#4e1fd11c34e2421bc1da9aea9bd8127cd0a35efc"
  integrity sha512-lqGoSJBQNJidqCHE80vqZJHWHRFoNYsSpP9AjFhlhi9ODCJA541svILes/+/1GM3VaL/abZi7cpFzOpdR9UPKg==

punycode@^2.1.1:
  version "2.1.1"
  resolved "https://registry.yarnpkg.com/punycode/-/punycode-2.1.1.tgz#b58b010ac40c22c5657616c8d2c2c02c7bf479ec"
  integrity sha512-XRsRjdf+j5ml+y/6GKHPZbrF/8p2Yga0JPtdqTIY2Xe5ohJPD9saDJJLPvp9+NSBprVvevdXZybnj2cv8OEd0A==

semver@^7.3.8:
  version "7.3.8"
  resolved "https://registry.yarnpkg.com/semver/-/semver-7.3.8.tgz#07a78feafb3f7b32347d725e33de7e2a2df67798"
  integrity sha512-NB1ctGL5rlHrPJtFDVIVzTyQylMLu9N9VICA6HSFJo8MCGVTMW6gfpicwKmmK/dAjTOrqu5l63JJOpDSrAis3A==
  dependencies:
    lru-cache "^6.0.0"

turbo-darwin-64@1.6.3:
  version "1.6.3"
  resolved "https://registry.yarnpkg.com/turbo-darwin-64/-/turbo-darwin-64-1.6.3.tgz#fad7e078784b0fafc0b1f75ce9378828918595f5"
  integrity sha512-QmDIX0Yh1wYQl0bUS0gGWwNxpJwrzZU2GIAYt3aOKoirWA2ecnyb3R6ludcS1znfNV2MfunP+l8E3ncxUHwtjA==

turbo-darwin-arm64@1.6.3:
  version "1.6.3"
  resolved "https://registry.yarnpkg.com/turbo-darwin-arm64/-/turbo-darwin-arm64-1.6.3.tgz#f0a32cae39e3fcd3da5e3129a94c18bb2e3ed6aa"
  integrity sha512-75DXhFpwE7CinBbtxTxH08EcWrxYSPFow3NaeFwsG8aymkWXF+U2aukYHJA6I12n9/dGqf7yRXzkF0S/9UtdyQ==

turbo-linux-64@1.6.3:
  version "1.6.3"
  resolved "https://registry.yarnpkg.com/turbo-linux-64/-/turbo-linux-64-1.6.3.tgz#8ddc6ac55ef84641182fe5ff50647f1b355826b0"
  integrity sha512-O9uc6J0yoRPWdPg9THRQi69K6E2iZ98cRHNvus05lZbcPzZTxJYkYGb5iagCmCW/pq6fL4T4oLWAd6evg2LGQA==

turbo-linux-arm64@1.6.3:
  version "1.6.3"
  resolved "https://registry.yarnpkg.com/turbo-linux-arm64/-/turbo-linux-arm64-1.6.3.tgz#846c1dc84d8dc741651906613c16acccba30428c"
  integrity sha512-dCy667qqEtZIhulsRTe8hhWQNCJO0i20uHXv7KjLHuFZGCeMbWxB8rsneRoY+blf8+QNqGuXQJxak7ayjHLxiA==

turbo-windows-64@1.6.3:
  version "1.6.3"
  resolved "https://registry.yarnpkg.com/turbo-windows-64/-/turbo-windows-64-1.6.3.tgz#89ac819fa76ad31d12fbfdeb3045bcebd0d308eb"
  integrity sha512-lKRqwL3mrVF09b9KySSaOwetehmGknV9EcQTF7d2dxngGYYX1WXoQLjFP9YYH8ZV07oPm+RUOAKSCQuDuMNhiA==

turbo-windows-arm64@1.6.3:
  version "1.6.3"
  resolved "https://registry.yarnpkg.com/turbo-windows-arm64/-/turbo-windows-arm64-1.6.3.tgz#977607c9a51f0b76076c8b158bafce06ce813070"
  integrity sha512-BXY1sDPEA1DgPwuENvDCD8B7Hb0toscjus941WpL8CVd10hg9pk/MWn9CNgwDO5Q9ks0mw+liDv2EMnleEjeNA==

turbo@^1.2.9:
  version "1.6.3"
  resolved "https://registry.yarnpkg.com/turbo/-/turbo-1.6.3.tgz#ec26cc8907c38a9fd6eb072fb10dad254733543e"
  integrity sha512-FtfhJLmEEtHveGxW4Ye/QuY85AnZ2ZNVgkTBswoap7UMHB1+oI4diHPNyqrQLG4K1UFtCkjOlVoLsllUh/9QRw==
  optionalDependencies:
    turbo-darwin-64 "1.6.3"
    turbo-darwin-arm64 "1.6.3"
    turbo-linux-64 "1.6.3"
    turbo-linux-arm64 "1.6.3"
    turbo-windows-64 "1.6.3"
    turbo-windows-arm64 "1.6.3"

typescript@^4.9.4:
  version "4.9.4"
  resolved "https://registry.yarnpkg.com/typescript/-/typescript-4.9.4.tgz#a2a3d2756c079abda241d75f149df9d561091e78"
  integrity sha512-Uz+dTXYzxXXbsFpM86Wh3dKCxrQqUcVMxwU54orwlJjOpO3ao8L7j5lH+dWfTwgCwIuM9GQ2kvVotzYJMXTBZg==

universalify@^2.0.0:
  version "2.0.0"
  resolved "https://registry.yarnpkg.com/universalify/-/universalify-2.0.0.tgz#75a4984efedc4b08975c5aeb73f530d02df25717"
  integrity sha512-hAZsKq7Yy11Zu1DE0OzWjw7nnLZmJZYTDZZyEFHZdUhV8FkH5MCfoU1XMaxXovpyW5nq5scPqq0ZDP9Zyl04oQ==

yallist@^4.0.0:
  version "4.0.0"
  resolved "https://registry.yarnpkg.com/yallist/-/yallist-4.0.0.tgz#9bb92790d9c0effec63be73519e11a35019a3a72"
  integrity sha512-3wdGidZyq5PB084XLES5TpOSRA3wjXAlIWMhum2kRcv/41Sn2emQ0dycQW4uZXLejwKvg6EsvbdlVL+FYEct7A==

yaml@1.10.2:
  version "1.10.2"
  resolved "https://registry.yarnpkg.com/yaml/-/yaml-1.10.2.tgz#2301c5ffbf12b467de8da2333a459e29e7920e4b"
  integrity sha512-r3vXyErRCYJ7wg28yvBY5VSoAF8ZvlcW9/BwUzEtUsjvX/DKs24dIkuwjtuprwJJHsbyUbLApepYTR1BN4uHrg==
